Microsoft Visual Studio Solution File, Format Version 12.00
# Visual Studio Version 17
VisualStudioVersion = 17.5.2.0
MinimumVisualStudioVersion = 10.0.40219.1
Project("{FAE04EC0-301F-11D3-BF4B-00C04F79EFBC}") = "FirstConApp", "FirstConApp.csproj", "{A627718E-385B-80C9-50AB-57C38F5BFEEF}"
EndProject
Global
	GlobalSection(SolutionConfigurationPlatforms) = preSolution
		Debug|Any CPU = Debug|Any CPU
		Release|Any CPU = Release|Any CPU
	EndGlobalSection
	GlobalSection(ProjectConfigurationPlatforms) = postSolution
		{A627718E-385B-80C9-50AB-57C38F5BFEEF}.Debug|Any CPU.ActiveCfg = Debug|Any CPU
		{A627718E-385B-80C9-50AB-57C38F5BFEEF}.Debug|Any CPU.Build.0 = Debug|Any CPU
		{A627718E-385B-80C9-50AB-57C38F5BFEEF}.Release|Any CPU.ActiveCfg = Release|Any CPU
		{A627718E-385B-80C9-50AB-57C38F5BFEEF}.Release|Any CPU.Build.0 = Release|Any CPU
	EndGlobalSection
	GlobalSection(SolutionProperties) = preSolution
		HideSolutionNode = FALSE
	EndGlobalSection
	GlobalSection(ExtensibilityGlobals) = postSolution
		SolutionGuid = {F0D506EC-ED67-4E04-97EB-5201E40ED3BE}
	EndGlobalSection
EndGlobal
